
Microsoft Visual Studio Solution File, Format Version 12.00
# Visual Studio 15
VisualStudioVersion = 15.0.26730.15
MinimumVisualStudioVersion = 10.0.40219.1
Project("{FAE04EC0-301F-11D3-BF4B-00C04F79EFBC}") = "MM1Simulation", "MM1Simulation\MM1Simulation.csproj", "{A1D0D9C7-1C5C-47BB-AD5E-300F5F60907C}"
EndProject
Global
	GlobalSection(SolutionConfigurationPlatforms) = preSolution
		Debug|Any CPU = Debug|Any CPU
		Release|Any CPU = Release|Any CPU
	EndGlobalSection
	GlobalSection(ProjectConfigurationPlatforms) = postSolution
		{A1D0D9C7-1C5C-47BB-AD5E-300F5F60907C}.Debug|Any CPU.ActiveCfg = Debug|Any CPU
		{A1D0D9C7-1C5C-47BB-AD5E-300F5F60907C}.Debug|Any CPU.Build.0 = Debug|Any CPU
		{A1D0D9C7-1C5C-47BB-AD5E-300F5F60907C}.Release|Any CPU.ActiveCfg = Release|Any CPU
		{A1D0D9C7-1C5C-47BB-AD5E-300F5F60907C}.Release|Any CPU.Build.0 = Release|Any CPU
	EndGlobalSection
	GlobalSection(SolutionProperties) = preSolution
		HideSolutionNode = FALSE
	EndGlobalSection
	GlobalSection(ExtensibilityGlobals) = postSolution
		SolutionGuid = {92F21466-72AF-4682-A02D-C54485BBF0BC}
	EndGlobalSection
EndGlobal
